// !$*UTF8*$!
{
	archiveVersion = 1;
	classes = {
	};
	objectVersion = 56;
	objects = {

/* Begin PBXBuildFile section */
		5D786D612EB081E600C0C02D /* Event_CountdownApp.swift in Sources */ = {isa = PBXBuildFile; fileRef = 5D786D602EB081E600C0C02D /* Event_CountdownApp.swift */; };
		5D786D632EB081E600C0C02D /* ContentView.swift in Sources */ = {isa = PBXBuildFile; fileRef = 5D786D622EB081E600C0C02D /* ContentView.swift */; };
		5D786D652EB081E900C0C02D /* Assets.xcassets in Resources */ = {isa = PBXBuildFile; fileRef = 5D786D642EB081E900C0C02D /* Assets.xcassets */; };
		5D786D682EB081E900C0C02D /* Preview Assets.xcassets in Resources */ = {isa = PBXBuildFile; fileRef = 5D786D672EB081E900C0C02D /* Preview Assets.xcassets */; };
		5D786D722EB081E900C0C02D /* Event_CountdownTests.swift in Sources */ = {isa = PBXBuildFile; fileRef = 5D786D712EB081E900C0C02D /* Event_CountdownTests.swift */; };
		5D786D7C2EB081E900C0C02D /* Event_CountdownUITests.swift in Sources */ = {isa = PBXBuildFile; fileRef = 5D786D7B2EB081E900C0C02D /* Event_CountdownUITests.swift */; };
		5D786D7E2EB081E900C0C02D /* Event_CountdownUITestsLaunchTests.swift in Sources */ = {isa = PBXBuildFile; fileRef = 5D786D7D2EB081E900C0C02D /* Event_CountdownUITestsLaunchTests.swift */; };
		5D786D8C2EB0890800C0C02D /* Event.swift in Sources */ = {isa = PBXBuildFile; fileRef = 5D786D8B2EB0890800C0C02D /* Event.swift */; };
		5D786D8F2EB089A300C0C02D /* EventsView.swift in Sources */ = {isa = PBXBuildFile; fileRef = 5D786D8E2EB089A300C0C02D /* EventsView.swift */; };
		5D786D912EB08A3B00C0C02D /* EventRow.swift in Sources */ = {isa = PBXBuildFile; fileRef = 5D786D902EB08A3B00C0C02D /* EventRow.swift */; };
		5D786D932EB08A9B00C0C02D /* EventForm.swift in Sources */ = {isa = PBXBuildFile; fileRef = 5D786D922EB08A9B00C0C02D /* EventForm.swift */; };
		5D786D962EB09CE200C0C02D /* Date+Ext.swift in Sources */ = {isa = PBXBuildFile; fileRef = 5D786D952EB09CE200C0C02D /* Date+Ext.swift */; };
/* End PBXBuildFile section */

/* Begin PBXContainerItemProxy section */
		5D786D6E2EB081E900C0C02D /* PBXContainerItemProxy */ = {
			isa = PBXContainerItemProxy;
			containerPortal = 5D786D552EB081E600C0C02D /* Project object */;
			proxyType = 1;
			remoteGlobalIDString = 5D786D5C2EB081E600C0C02D;
			remoteInfo = "Event Countdown";
		};
		5D786D782EB081E900C0C02D /* PBXContainerItemProxy */ = {
			isa = PBXContainerItemProxy;
			containerPortal = 5D786D552EB081E600C0C02D /* Project object */;
			proxyType = 1;
			remoteGlobalIDString = 5D786D5C2EB081E600C0C02D;
			remoteInfo = "Event Countdown";
		};
/* End PBXContainerItemProxy section */

/* Begin PBXFileReference section */
		5D786D5D2EB081E600C0C02D /* Event Countdown.app */ = {isa = PBXFileReference; explicitFileType = wrapper.application; includeInIndex = 0; path = "Event Countdown.app"; sourceTree = BUILT_PRODUCTS_DIR; };
		5D786D602EB081E600C0C02D /* Event_CountdownApp.swift */ = {isa = PBXFileReference; lastKnownFileType = sourcecode.swift; path = Event_CountdownApp.swift; sourceTree = "<group>"; };
		5D786D622EB081E600C0C02D /* ContentView.swift */ = {isa = PBXFileReference; lastKnownFileType = sourcecode.swift; path = ContentView.swift; sourceTree = "<group>"; };
		5D786D642EB081E900C0C02D /* Assets.xcassets */ = {isa = PBXFileReference; lastKnownFileType = folder.assetcatalog; path = Assets.xcassets; sourceTree = "<group>"; };
		5D786D672EB081E900C0C02D /* Preview Assets.xcassets */ = {isa = PBXFileReference; lastKnownFileType = folder.assetcatalog; path = "Preview Assets.xcassets"; sourceTree = "<group>"; };
		5D786D6D2EB081E900C0C02D /* Event CountdownTests.xctest */ = {isa = PBXFileReference; explicitFileType = wrapper.cfbundle; includeInIndex = 0; path = "Event CountdownTests.xctest"; sourceTree = BUILT_PRODUCTS_DIR; };
		5D786D712EB081E900C0C02D /* Event_CountdownTests.swift */ = {isa = PBXFileReference; lastKnownFileType = sourcecode.swift; path = Event_CountdownTests.swift; sourceTree = "<group>"; };
		5D786D772EB081E900C0C02D /* Event CountdownUITests.xctest */ = {isa = PBXFileReference; explicitFileType = wrapper.cfbundle; includeInIndex = 0; path = "Event CountdownUITests.xctest"; sourceTree = BUILT_PRODUCTS_DIR; };
		5D786D7B2EB081E900C0C02D /* Event_CountdownUITests.swift */ = {isa = PBXFileReference; lastKnownFileType = sourcecode.swift; path = Event_CountdownUITests.swift; sourceTree = "<group>"; };
		5D786D7D2EB081E900C0C02D /* Event_CountdownUITestsLaunchTests.swift */ = {isa = PBXFileReference; lastKnownFileType = sourcecode.swift; path = Event_CountdownUITestsLaunchTests.swift; sourceTree = "<group>"; };
		5D786D8B2EB0890800C0C02D /* Event.swift */ = {isa = PBXFileReference; lastKnownFileType = sourcecode.swift; path = Event.swift; sourceTree = "<group>"; };
		5D786D8E2EB089A300C0C02D /* EventsView.swift */ = {isa = PBXFileReference; lastKnownFileType = sourcecode.swift; path = EventsView.swift; sourceTree = "<group>"; };
		5D786D902EB08A3B00C0C02D /* EventRow.swift */ = {isa = PBXFileReference; lastKnownFileType = sourcecode.swift; path = EventRow.swift; sourceTree = "<group>"; };
		5D786D922EB08A9B00C0C02D /* EventForm.swift */ = {isa = PBXFileReference; lastKnownFileType = sourcecode.swift; path = EventForm.swift; sourceTree = "<group>"; };
		5D786D952EB09CE200C0C02D /* Date+Ext.swift */ = {isa = PBXFileReference; lastKnownFileType = sourcecode.swift; path = "Date+Ext.swift"; sourceTree = "<group>"; };
/* End PBXFileReference section */

/* Begin PBXFrameworksBuildPhase section */
		5D786D5A2EB081E600C0C02D /* Frameworks */ = {
			isa = PBXFrameworksBuildPhase;
			buildActionMask = 2147483647;
			files = (
			);
			runOnlyForDeploymentPostprocessing = 0;
		};
		5D786D6A2EB081E900C0C02D /* Frameworks */ = {
			isa = PBXFrameworksBuildPhase;
			buildActionMask = 2147483647;
			files = (
			);
			runOnlyForDeploymentPostprocessing = 0;
		};
		5D786D742EB081E900C0C02D /* Frameworks */ = {
			isa = PBXFrameworksBuildPhase;
			buildActionMask = 2147483647;
			files = (
			);
			runOnlyForDeploymentPostprocessing = 0;
		};
/* End PBXFrameworksBuildPhase section */

/* Begin PBXGroup section */
		5D786D542EB081E600C0C02D = {
			isa = PBXGroup;
			children = (
				5D786D5F2EB081E600C0C02D /* Event Countdown */,
				5D786D702EB081E900C0C02D /* Event CountdownTests */,
				5D786D7A2EB081E900C0C02D /* Event CountdownUITests */,
				5D786D5E2EB081E600C0C02D /* Products */,
			);
			sourceTree = "<group>";
		};
		5D786D5E2EB081E600C0C02D /* Products */ = {
			isa = PBXGroup;
			children = (
				5D786D5D2EB081E600C0C02D /* Event Countdown.app */,
				5D786D6D2EB081E900C0C02D /* Event CountdownTests.xctest */,
				5D786D772EB081E900C0C02D /* Event CountdownUITests.xctest */,
			);
			name = Products;
			sourceTree = "<group>";
		};
		5D786D5F2EB081E600C0C02D /* Event Countdown */ = {
			isa = PBXGroup;
			children = (
				5D786D942EB09CD700C0C02D /* Utils */,
				5D786D8D2EB0899400C0C02D /* Components */,
				5D786D8A2EB088F800C0C02D /* Models */,
				5D786D602EB081E600C0C02D /* Event_CountdownApp.swift */,
				5D786D622EB081E600C0C02D /* ContentView.swift */,
				5D786D642EB081E900C0C02D /* Assets.xcassets */,
				5D786D662EB081E900C0C02D /* Preview Content */,
			);
			path = "Event Countdown";
			sourceTree = "<group>";
		};
		5D786D662EB081E900C0C02D /* Preview Content */ = {
			isa = PBXGroup;
			children = (
				5D786D672EB081E900C0C02D /* Preview Assets.xcassets */,
			);
			path = "Preview Content";
			sourceTree = "<group>";
		};
		5D786D702EB081E900C0C02D /* Event CountdownTests */ = {
			isa = PBXGroup;
			children = (
				5D786D712EB081E900C0C02D /* Event_CountdownTests.swift */,
			);
			path = "Event CountdownTests";
			sourceTree = "<group>";
		};
		5D786D7A2EB081E900C0C02D /* Event CountdownUITests */ = {
			isa = PBXGroup;
			children = (
				5D786D7B2EB081E900C0C02D /* Event_CountdownUITests.swift */,
				5D786D7D2EB081E900C0C02D /* Event_CountdownUITestsLaunchTests.swift */,
			);
			path = "Event CountdownUITests";
			sourceTree = "<group>";
		};
		5D786D8A2EB088F800C0C02D /* Models */ = {
			isa = PBXGroup;
			children = (
				5D786D8B2EB0890800C0C02D /* Event.swift */,
			);
			path = Models;
			sourceTree = "<group>";
		};
		5D786D8D2EB0899400C0C02D /* Components */ = {
			isa = PBXGroup;
			children = (
				5D786D8E2EB089A300C0C02D /* EventsView.swift */,
				5D786D902EB08A3B00C0C02D /* EventRow.swift */,
				5D786D922EB08A9B00C0C02D /* EventForm.swift */,
			);
			path = Components;
			sourceTree = "<group>";
		};
		5D786D942EB09CD700C0C02D /* Utils */ = {
			isa = PBXGroup;
			children = (
				5D786D952EB09CE200C0C02D /* Date+Ext.swift */,
			);
			path = Utils;
			sourceTree = "<group>";
		};
/* End PBXGroup section */

/* Begin PBXNativeTarget section */
		5D786D5C2EB081E600C0C02D /* Event Countdown */ = {
			isa = PBXNativeTarget;
			buildConfigurationList = 5D786D812EB081E900C0C02D /* Build configuration list for PBXNativeTarget "Event Countdown" */;
			buildPhases = (
				5D786D592EB081E600C0C02D /* Sources */,
				5D786D5A2EB081E600C0C02D /* Frameworks */,
				5D786D5B2EB081E600C0C02D /* Resources */,
			);
			buildRules = (
			);
			dependencies = (
			);
			name = "Event Countdown";
			productName = "Event Countdown";
			productReference = 5D786D5D2EB081E600C0C02D /* Event Countdown.app */;
			productType = "com.apple.product-type.application";
		};
		5D786D6C2EB081E900C0C02D /* Event CountdownTests */ = {
			isa = PBXNativeTarget;
			buildConfigurationList = 5D786D842EB081E900C0C02D /* Build configuration list for PBXNativeTarget "Event CountdownTests" */;
			buildPhases = (
				5D786D692EB081E900C0C02D /* Sources */,
				5D786D6A2EB081E900C0C02D /* Frameworks */,
				5D786D6B2EB081E900C0C02D /* Resources */,
			);
			buildRules = (
			);
			dependencies = (
				5D786D6F2EB081E900C0C02D /* PBXTargetDependency */,
			);
			name = "Event CountdownTests";
			productName = "Event CountdownTests";
			productReference = 5D786D6D2EB081E900C0C02D /* Event CountdownTests.xctest */;
			productType = "com.apple.product-type.bundle.unit-test";
		};
		5D786D762EB081E900C0C02D /* Event CountdownUITests */ = {
			isa = PBXNativeTarget;
			buildConfigurationList = 5D786D872EB081E900C0C02D /* Build configuration list for PBXNativeTarget "Event CountdownUITests" */;
			buildPhases = (
				5D786D732EB081E900C0C02D /* Sources */,
				5D786D742EB081E900C0C02D /* Frameworks */,
				5D786D752EB081E900C0C02D /* Resources */,
			);
			buildRules = (
			);
			dependencies = (
				5D786D792EB081E900C0C02D /* PBXTargetDependency */,
			);
			name = "Event CountdownUITests";
			productName = "Event CountdownUITests";
			productReference = 5D786D772EB081E900C0C02D /* Event CountdownUITests.xctest */;
			productType = "com.apple.product-type.bundle.ui-testing";
		};
/* End PBXNativeTarget section */

/* Begin PBXProject section */
		5D786D552EB081E600C0C02D /* Project object */ = {
			isa = PBXProject;
			attributes = {
				BuildIndependentTargetsInParallel = 1;
				LastSwiftUpdateCheck = 1520;
				LastUpgradeCheck = 1520;
				TargetAttributes = {
					5D786D5C2EB081E600C0C02D = {
						CreatedOnToolsVersion = 15.2;
					};
					5D786D6C2EB081E900C0C02D = {
						CreatedOnToolsVersion = 15.2;
						TestTargetID = 5D786D5C2EB081E600C0C02D;
					};
					5D786D762EB081E900C0C02D = {
						CreatedOnToolsVersion = 15.2;
						TestTargetID = 5D786D5C2EB081E600C0C02D;
					};
				};
			};
			buildConfigurationList = 5D786D582EB081E600C0C02D /* Build configuration list for PBXProject "Event Countdown" */;
			compatibilityVersion = "Xcode 14.0";
			developmentRegion = en;
			hasScannedForEncodings = 0;
			knownRegions = (
				en,
				Base,
			);
			mainGroup = 5D786D542EB081E600C0C02D;
			productRefGroup = 5D786D5E2EB081E600C0C02D /* Products */;
			projectDirPath = "";
			projectRoot = "";
			targets = (
				5D786D5C2EB081E600C0C02D /* Event Countdown */,
				5D786D6C2EB081E900C0C02D /* Event CountdownTests */,
				5D786D762EB081E900C0C02D /* Event CountdownUITests */,
			);
		};
/* End PBXProject section */

/* Begin PBXResourcesBuildPhase section */
		5D786D5B2EB081E600C0C02D /* Resources */ = {
			isa = PBXResourcesBuildPhase;
			buildActionMask = 2147483647;
			files = (
				5D786D682EB081E900C0C02D /* Preview Assets.xcassets in Resources */,
				5D786D652EB081E900C0C02D /* Assets.xcassets in Resources */,
			);
			runOnlyForDeploymentPostprocessing = 0;
		};
		5D786D6B2EB081E900C0C02D /* Resources */ = {
			isa = PBXResourcesBuildPhase;
			buildActionMask = 2147483647;
			files = (
			);
			runOnlyForDeploymentPostprocessing = 0;
		};
		5D786D752EB081E900C0C02D /* Resources */ = {
			isa = PBXResourcesBuildPhase;
			buildActionMask = 2147483647;
			files = (
			);
			runOnlyForDeploymentPostprocessing = 0;
		};
/* End PBXResourcesBuildPhase section */

/* Begin PBXSourcesBuildPhase section */
		5D786D592EB081E600C0C02D /* Sources */ = {
			isa = PBXSourcesBuildPhase;
			buildActionMask = 2147483647;
			files = (
				5D786D632EB081E600C0C02D /* ContentView.swift in Sources */,
				5D786D8C2EB0890800C0C02D /* Event.swift in Sources */,
				5D786D612EB081E600C0C02D /* Event_CountdownApp.swift in Sources */,
				5D786D8F2EB089A300C0C02D /* EventsView.swift in Sources */,
				5D786D932EB08A9B00C0C02D /* EventForm.swift in Sources */,
				5D786D962EB09CE200C0C02D /* Date+Ext.swift in Sources */,
				5D786D912EB08A3B00C0C02D /* EventRow.swift in Sources */,
			);
			runOnlyForDeploymentPostprocessing = 0;
		};
		5D786D692EB081E900C0C02D /* Sources */ = {
			isa = PBXSourcesBuildPhase;
			buildActionMask = 2147483647;
			files = (
				5D786D722EB081E900C0C02D /* Event_CountdownTests.swift in Sources */,
			);
			runOnlyForDeploymentPostprocessing = 0;
		};
		5D786D732EB081E900C0C02D /* Sources */ = {
			isa = PBXSourcesBuildPhase;
			buildActionMask = 2147483647;
			files = (
				5D786D7C2EB081E900C0C02D /* Event_CountdownUITests.swift in Sources */,
				5D786D7E2EB081E900C0C02D /* Event_CountdownUITestsLaunchTests.swift in Sources */,
			);
			runOnlyForDeploymentPostprocessing = 0;
		};
/* End PBXSourcesBuildPhase section */

/* Begin PBXTargetDependency section */
		5D786D6F2EB081E900C0C02D /* PBXTargetDependency */ = {
			isa = PBXTargetDependency;
			target = 5D786D5C2EB081E600C0C02D /* Event Countdown */;
			targetProxy = 5D786D6E2EB081E900C0C02D /* PBXContainerItemProxy */;
		};
		5D786D792EB081E900C0C02D /* PBXTargetDependency */ = {
			isa = PBXTargetDependency;
			target = 5D786D5C2EB081E600C0C02D /* Event Countdown */;
			targetProxy = 5D786D782EB081E900C0C02D /* PBXContainerItemProxy */;
		};
/* End PBXTargetDependency section */

/* Begin XCBuildConfiguration section */
		5D786D7F2EB081E900C0C02D /* Debug */ = {
			isa = XCBuildConfiguration;
			buildSettings = {
				ALWAYS_SEARCH_USER_PATHS = NO;
				ASSETCATALOG_COMPILER_GENERATE_SWIFT_ASSET_SYMBOL_EXTENSIONS = YES;
				CLANG_ANALYZER_NONNULL = YES;
				CLANG_ANALYZER_NUMBER_OBJECT_CONVERSION = YES_AGGRESSIVE;
				CLANG_CXX_LANGUAGE_STANDARD = "gnu++20";
				CLANG_ENABLE_MODULES = YES;
				CLANG_ENABLE_OBJC_ARC = YES;
				CLANG_ENABLE_OBJC_WEAK = YES;
				CLANG_WARN_BLOCK_CAPTURE_AUTORELEASING = YES;
				CLANG_WARN_BOOL_CONVERSION = YES;
				CLANG_WARN_COMMA = YES;
				CLANG_WARN_CONSTANT_CONVERSION = YES;
				CLANG_WARN_DEPRECATED_OBJC_IMPLEMENTATIONS = YES;
				CLANG_WARN_DIRECT_OBJC_ISA_USAGE = YES_ERROR;
				CLANG_WARN_DOCUMENTATION_COMMENTS = YES;
				CLANG_WARN_EMPTY_BODY = YES;
				CLANG_WARN_ENUM_CONVERSION = YES;
				CLANG_WARN_INFINITE_RECURSION = YES;
				CLANG_WARN_INT_CONVERSION = YES;
				CLANG_WARN_NON_LITERAL_NULL_CONVERSION = YES;
				CLANG_WARN_OBJC_IMPLICIT_RETAIN_SELF = YES;
				CLANG_WARN_OBJC_LITERAL_CONVERSION = YES;
				CLANG_WARN_OBJC_ROOT_CLASS = YES_ERROR;
				CLANG_WARN_QUOTED_INCLUDE_IN_FRAMEWORK_HEADER = YES;
				CLANG_WARN_RANGE_LOOP_ANALYSIS = YES;
				CLANG_WARN_STRICT_PROTOTYPES = YES;
				CLANG_WARN_SUSPICIOUS_MOVE = YES;
				CLANG_WARN_UNGUARDED_AVAILABILITY = YES_AGGRESSIVE;
				CLANG_WARN_UNREACHABLE_CODE = YES;
				CLANG_WARN__DUPLICATE_METHOD_MATCH = YES;
				COPY_PHASE_STRIP = NO;
				DEBUG_INFORMATION_FORMAT = dwarf;
				ENABLE_STRICT_OBJC_MSGSEND = YES;
				ENABLE_TESTABILITY = YES;
				ENABLE_USER_SCRIPT_SANDBOXING = YES;
				GCC_C_LANGUAGE_STANDARD = gnu17;
				GCC_DYNAMIC_NO_PIC = NO;
				GCC_NO_COMMON_BLOCKS = YES;
				GCC_OPTIMIZATION_LEVEL = 0;
				GCC_PREPROCESSOR_DEFINITIONS = (
					"DEBUG=1",
					"$(inherited)",
				);
				GCC_WARN_64_TO_32_BIT_CONVERSION = YES;
				GCC_WARN_ABOUT_RETURN_TYPE = YES_ERROR;
				GCC_WARN_UNDECLARED_SELECTOR = YES;
				GCC_WARN_UNINITIALIZED_AUTOS = YES_AGGRESSIVE;
				GCC_WARN_UNUSED_FUNCTION = YES;
				GCC_WARN_UNUSED_VARIABLE = YES;
				IPHONEOS_DEPLOYMENT_TARGET = 17.2;
				LOCALIZATION_PREFERS_STRING_CATALOGS = YES;
				MTL_ENABLE_DEBUG_INFO = INCLUDE_SOURCE;
				MTL_FAST_MATH = YES;
				ONLY_ACTIVE_ARCH = YES;
				SDKROOT = iphoneos;
				SWIFT_ACTIVE_COMPILATION_CONDITIONS = "DEBUG $(inherited)";
				SWIFT_OPTIMIZATION_LEVEL = "-Onone";
			};
			name = Debug;
		};
		5D786D802EB081E900C0C02D /* Release */ = {
			isa = XCBuildConfiguration;
			buildSettings = {
				ALWAYS_SEARCH_USER_PATHS = NO;
				ASSETCATALOG_COMPILER_GENERATE_SWIFT_ASSET_SYMBOL_EXTENSIONS = YES;
				CLANG_ANALYZER_NONNULL = YES;
				CLANG_ANALYZER_NUMBER_OBJECT_CONVERSION = YES_AGGRESSIVE;
				CLANG_CXX_LANGUAGE_STANDARD = "gnu++20";
				CLANG_ENABLE_MODULES = YES;
				CLANG_ENABLE_OBJC_ARC = YES;
				CLANG_ENABLE_OBJC_WEAK = YES;
				CLANG_WARN_BLOCK_CAPTURE_AUTORELEASING = YES;
				CLANG_WARN_BOOL_CONVERSION = YES;
				CLANG_WARN_COMMA = YES;
				CLANG_WARN_CONSTANT_CONVERSION = YES;
				CLANG_WARN_DEPRECATED_OBJC_IMPLEMENTATIONS = YES;
				CLANG_WARN_DIRECT_OBJC_ISA_USAGE = YES_ERROR;
				CLANG_WARN_DOCUMENTATION_COMMENTS = YES;
				CLANG_WARN_EMPTY_BODY = YES;
				CLANG_WARN_ENUM_CONVERSION = YES;
				CLANG_WARN_INFINITE_RECURSION = YES;
				CLANG_WARN_INT_CONVERSION = YES;
				CLANG_WARN_NON_LITERAL_NULL_CONVERSION = YES;
				CLANG_WARN_OBJC_IMPLICIT_RETAIN_SELF = YES;
				CLANG_WARN_OBJC_LITERAL_CONVERSION = YES;
				CLANG_WARN_OBJC_ROOT_CLASS = YES_ERROR;
				CLANG_WARN_QUOTED_INCLUDE_IN_FRAMEWORK_HEADER = YES;
				CLANG_WARN_RANGE_LOOP_ANALYSIS = YES;
				CLANG_WARN_STRICT_PROTOTYPES = YES;
				CLANG_WARN_SUSPICIOUS_MOVE = YES;
				CLANG_WARN_UNGUARDED_AVAILABILITY = YES_AGGRESSIVE;
				CLANG_WARN_UNREACHABLE_CODE = YES;
				CLANG_WARN__DUPLICATE_METHOD_MATCH = YES;
				COPY_PHASE_STRIP = NO;
				DEBUG_INFORMATION_FORMAT = "dwarf-with-dsym";
				ENABLE_NS_ASSERTIONS = NO;
				ENABLE_STRICT_OBJC_MSGSEND = YES;
				ENABLE_USER_SCRIPT_SANDBOXING = YES;
				GCC_C_LANGUAGE_STANDARD = gnu17;
				GCC_NO_COMMON_BLOCKS = YES;
				GCC_WARN_64_TO_32_BIT_CONVERSION = YES;
				GCC_WARN_ABOUT_RETURN_TYPE = YES_ERROR;
				GCC_WARN_UNDECLARED_SELECTOR = YES;
				GCC_WARN_UNINITIALIZED_AUTOS = YES_AGGRESSIVE;
				GCC_WARN_UNUSED_FUNCTION = YES;
				GCC_WARN_UNUSED_VARIABLE = YES;
				IPHONEOS_DEPLOYMENT_TARGET = 17.2;
				LOCALIZATION_PREFERS_STRING_CATALOGS = YES;
				MTL_ENABLE_DEBUG_INFO = NO;
				MTL_FAST_MATH = YES;
				SDKROOT = iphoneos;
				SWIFT_COMPILATION_MODE = wholemodule;
				VALIDATE_PRODUCT = YES;
			};
			name = Release;
		};
		5D786D822EB081E900C0C02D /* Debug */ = {
			isa = XCBuildConfiguration;
			buildSettings = {
				ASSETCATALOG_COMPILER_APPICON_NAME = AppIcon;
				ASSETCATALOG_COMPILER_GLOBAL_ACCENT_COLOR_NAME = AccentColor;
				CODE_SIGN_STYLE = Automatic;
				CURRENT_PROJECT_VERSION = 1;
				DEVELOPMENT_ASSET_PATHS = "\"Event Countdown/Preview Content\"";
				DEVELOPMENT_TEAM = UDF6QYS534;
				ENABLE_PREVIEWS = YES;
				GENERATE_INFOPLIST_FILE = YES;
				INFOPLIST_KEY_UIApplicationSceneManifest_Generation = YES;
				INFOPLIST_KEY_UIApplicationSupportsIndirectInputEvents = YES;
				INFOPLIST_KEY_UILaunchScreen_Generation = YES;
				INFOPLIST_KEY_UISupportedInterfaceOrientations_iPad = "UIInterfaceOrientationPortrait UIInterfaceOrientationPortraitUpsideDown UIInterfaceOrientationLandscapeLeft UIInterfaceOrientationLandscapeRight";
				INFOPLIST_KEY_UISupportedInterfaceOrientations_iPhone = "UIInterfaceOrientationPortrait UIInterfaceOrientationLandscapeLeft UIInterfaceOrientationLandscapeRight";
				LD_RUNPATH_SEARCH_PATHS = (
					"$(inherited)",
					"@executable_path/Frameworks",
				);
				MARKETING_VERSION = 1.0;
				PRODUCT_BUNDLE_IDENTIFIER = "bonadenys.com.Event-Countdown";
				PRODUCT_NAME = "$(TARGET_NAME)";
				SWIFT_EMIT_LOC_STRINGS = YES;
				SWIFT_VERSION = 5.0;
				TARGETED_DEVICE_FAMILY = "1,2";
			};
			name = Debug;
		};
		5D786D832EB081E900C0C02D /* Release */ = {
			isa = XCBuildConfiguration;
			buildSettings = {
				ASSETCATALOG_COMPILER_APPICON_NAME = AppIcon;
				ASSETCATALOG_COMPILER_GLOBAL_ACCENT_COLOR_NAME = AccentColor;
				CODE_SIGN_STYLE = Automatic;
				CURRENT_PROJECT_VERSION = 1;
				DEVELOPMENT_ASSET_PATHS = "\"Event Countdown/Preview Content\"";
				DEVELOPMENT_TEAM = UDF6QYS534;
				ENABLE_PREVIEWS = YES;
				GENERATE_INFOPLIST_FILE = YES;
				INFOPLIST_KEY_UIApplicationSceneManifest_Generation = YES;
				INFOPLIST_KEY_UIApplicationSupportsIndirectInputEvents = YES;
				INFOPLIST_KEY_UILaunchScreen_Generation = YES;
				INFOPLIST_KEY_UISupportedInterfaceOrientations_iPad = "UIInterfaceOrientationPortrait UIInterfaceOrientationPortraitUpsideDown UIInterfaceOrientationLandscapeLeft UIInterfaceOrientationLandscapeRight";
				INFOPLIST_KEY_UISupportedInterfaceOrientations_iPhone = "UIInterfaceOrientationPortrait UIInterfaceOrientationLandscapeLeft UIInterfaceOrientationLandscapeRight";
				LD_RUNPATH_SEARCH_PATHS = (
					"$(inherited)",
					"@executable_path/Frameworks",
				);
				MARKETING_VERSION = 1.0;
				PRODUCT_BUNDLE_IDENTIFIER = "bonadenys.com.Event-Countdown";
				PRODUCT_NAME = "$(TARGET_NAME)";
				SWIFT_EMIT_LOC_STRINGS = YES;
				SWIFT_VERSION = 5.0;
				TARGETED_DEVICE_FAMILY = "1,2";
			};
			name = Release;
		};
		5D786D852EB081E900C0C02D /* Debug */ = {
			isa = XCBuildConfiguration;
			buildSettings = {
				ALWAYS_EMBED_SWIFT_STANDARD_LIBRARIES = YES;
				BUNDLE_LOADER = "$(TEST_HOST)";
				CODE_SIGN_STYLE = Automatic;
				CURRENT_PROJECT_VERSION = 1;
				DEVELOPMENT_TEAM = UDF6QYS534;
				GENERATE_INFOPLIST_FILE = YES;
				IPHONEOS_DEPLOYMENT_TARGET = 17.2;
				MARKETING_VERSION = 1.0;
				PRODUCT_BUNDLE_IDENTIFIER = "bonadenys.com.Event-CountdownTests";
				PRODUCT_NAME = "$(TARGET_NAME)";
				SWIFT_EMIT_LOC_STRINGS = NO;
				SWIFT_VERSION = 5.0;
				TARGETED_DEVICE_FAMILY = "1,2";
				TEST_HOST = "$(BUILT_PRODUCTS_DIR)/Event Countdown.app/$(BUNDLE_EXECUTABLE_FOLDER_PATH)/Event Countdown";
			};
			name = Debug;
		};
		5D786D862EB081E900C0C02D /* Release */ = {
			isa = XCBuildConfiguration;
			buildSettings = {
				ALWAYS_EMBED_SWIFT_STANDARD_LIBRARIES = YES;
				BUNDLE_LOADER = "$(TEST_HOST)";
				CODE_SIGN_STYLE = Automatic;
				CURRENT_PROJECT_VERSION = 1;
				DEVELOPMENT_TEAM = UDF6QYS534;
				GENERATE_INFOPLIST_FILE = YES;
				IPHONEOS_DEPLOYMENT_TARGET = 17.2;
				MARKETING_VERSION = 1.0;
				PRODUCT_BUNDLE_IDENTIFIER = "bonadenys.com.Event-CountdownTests";
				PRODUCT_NAME = "$(TARGET_NAME)";
				SWIFT_EMIT_LOC_STRINGS = NO;
				SWIFT_VERSION = 5.0;
				TARGETED_DEVICE_FAMILY = "1,2";
				TEST_HOST = "$(BUILT_PRODUCTS_DIR)/Event Countdown.app/$(BUNDLE_EXECUTABLE_FOLDER_PATH)/Event Countdown";
			};
			name = Release;
		};
		5D786D882EB081E900C0C02D /* Debug */ = {
			isa = XCBuildConfiguration;
			buildSettings = {
				ALWAYS_EMBED_SWIFT_STANDARD_LIBRARIES = YES;
				CODE_SIGN_STYLE = Automatic;
				CURRENT_PROJECT_VERSION = 1;
				DEVELOPMENT_TEAM = UDF6QYS534;
				GENERATE_INFOPLIST_FILE = YES;
				MARKETING_VERSION = 1.0;
				PRODUCT_BUNDLE_IDENTIFIER = "bonadenys.com.Event-CountdownUITests";
				PRODUCT_NAME = "$(TARGET_NAME)";
				SWIFT_EMIT_LOC_STRINGS = NO;
				SWIFT_VERSION = 5.0;
				TARGETED_DEVICE_FAMILY = "1,2";
				TEST_TARGET_NAME = "Event Countdown";
			};
			name = Debug;
		};
		5D786D892EB081E900C0C02D /* Release */ = {
			isa = XCBuildConfiguration;
			buildSettings = {
				ALWAYS_EMBED_SWIFT_STANDARD_LIBRARIES = YES;
				CODE_SIGN_STYLE = Automatic;
				CURRENT_PROJECT_VERSION = 1;
				DEVELOPMENT_TEAM = UDF6QYS534;
				GENERATE_INFOPLIST_FILE = YES;
				MARKETING_VERSION = 1.0;
				PRODUCT_BUNDLE_IDENTIFIER = "bonadenys.com.Event-CountdownUITests";
				PRODUCT_NAME = "$(TARGET_NAME)";
				SWIFT_EMIT_LOC_STRINGS = NO;
				SWIFT_VERSION = 5.0;
				TARGETED_DEVICE_FAMILY = "1,2";
				TEST_TARGET_NAME = "Event Countdown";
			};
			name = Release;
		};
/* End XCBuildConfiguration section */

/* Begin XCConfigurationList section */
		5D786D582EB081E600C0C02D /* Build configuration list for PBXProject "Event Countdown" */ = {
			isa = XCConfigurationList;
			buildConfigurations = (
				5D786D7F2EB081E900C0C02D /* Debug */,
				5D786D802EB081E900C0C02D /* Release */,
			);
			defaultConfigurationIsVisible = 0;
			defaultConfigurationName = Release;
		};
		5D786D812EB081E900C0C02D /* Build configuration list for PBXNativeTarget "Event Countdown" */ = {
			isa = XCConfigurationList;
			buildConfigurations = (
				5D786D822EB081E900C0C02D /* Debug */,
				5D786D832EB081E900C0C02D /* Release */,
			);
			defaultConfigurationIsVisible = 0;
			defaultConfigurationName = Release;
		};
		5D786D842EB081E900C0C02D /* Build configuration list for PBXNativeTarget "Event CountdownTests" */ = {
			isa = XCConfigurationList;
			buildConfigurations = (
				5D786D852EB081E900C0C02D /* Debug */,
				5D786D862EB081E900C0C02D /* Release */,
			);
			defaultConfigurationIsVisible = 0;
			defaultConfigurationName = Release;
		};
		5D786D872EB081E900C0C02D /* Build configuration list for PBXNativeTarget "Event CountdownUITests" */ = {
			isa = XCConfigurationList;
			buildConfigurations = (
				5D786D882EB081E900C0C02D /* Debug */,
				5D786D892EB081E900C0C02D /* Release */,
			);
			defaultConfigurationIsVisible = 0;
			defaultConfigurationName = Release;
		};
/* End XCConfigurationList section */
	};
	rootObject = 5D786D552EB081E600C0C02D /* Project object */;
}
